// !$*UTF8*$!
{
	archiveVersion = 1;
	classes = {
	};
	objectVersion = 51;
	objects = {

/* Begin PBXBuildFile section */
		236D27D8EE48604DDBB3AC71 /* Pods_ParseChat.framework in Frameworks */ = {isa = PBXBuildFile; fileRef = AC472958C4E0524C63E5CF00 /* Pods_ParseChat.framework */; };
		244CDFCE22D659720057D032 /* AppDelegate.m in Sources */ = {isa = PBXBuildFile; fileRef = 244CDFCD22D659720057D032 /* AppDelegate.m */; };
		244CDFD122D659720057D032 /* LoginViewController.m in Sources */ = {isa = PBXBuildFile; fileRef = 244CDFD022D659720057D032 /* LoginViewController.m */; };
		244CDFD422D659720057D032 /* Main.storyboard in Resources */ = {isa = PBXBuildFile; fileRef = 244CDFD222D659720057D032 /* Main.storyboard */; };
		244CDFD622D659730057D032 /* Assets.xcassets in Resources */ = {isa = PBXBuildFile; fileRef = 244CDFD522D659730057D032 /* Assets.xcassets */; };
		244CDFD922D659730057D032 /* LaunchScreen.storyboard in Resources */ = {isa = PBXBuildFile; fileRef = 244CDFD722D659730057D032 /* LaunchScreen.storyboard */; };
		244CDFDC22D659730057D032 /* main.m in Sources */ = {isa = PBXBuildFile; fileRef = 244CDFDB22D659730057D032 /* main.m */; };
		244CDFE622D659730057D032 /* ParseChatTests.m in Sources */ = {isa = PBXBuildFile; fileRef = 244CDFE522D659730057D032 /* ParseChatTests.m */; };
		244CDFF122D659730057D032 /* ParseChatUITests.m in Sources */ = {isa = PBXBuildFile; fileRef = 244CDFF022D659730057D032 /* ParseChatUITests.m */; };
		244CE00022D65FC30057D032 /* ChatViewController.m in Sources */ = {isa = PBXBuildFile; fileRef = 244CDFFF22D65FC30057D032 /* ChatViewController.m */; };
		244CE00322D662240057D032 /* ChatCell.m in Sources */ = {isa = PBXBuildFile; fileRef = 244CE00222D662240057D032 /* ChatCell.m */; };
		4139AF32B6432BE9CF6D550A /* Pods_ParseChatTests.framework in Frameworks */ = {isa = PBXBuildFile; fileRef = 8CFEF147BDF2F9C17B551500 /* Pods_ParseChatTests.framework */; };
		42A63EEF928F2B38F8EF57FB /* Pods_ParseChatUITests.framework in Frameworks */ = {isa = PBXBuildFile; fileRef = A0E51BB82D9E55B089ADBCDA /* Pods_ParseChatUITests.framework */; };
/* End PBXBuildFile section */

/* Begin PBXContainerItemProxy section */
		244CDFE222D659730057D032 /* PBXContainerItemProxy */ = {
			isa = PBXContainerItemProxy;
			containerPortal = 244CDFC122D659720057D032 /* Project object */;
			proxyType = 1;
			remoteGlobalIDString = 244CDFC822D659720057D032;
			remoteInfo = ParseChat;
		};
		244CDFED22D659730057D032 /* PBXContainerItemProxy */ = {
			isa = PBXContainerItemProxy;
			containerPortal = 244CDFC122D659720057D032 /* Project object */;
			proxyType = 1;
			remoteGlobalIDString = 244CDFC822D659720057D032;
			remoteInfo = ParseChat;
		};
/* End PBXContainerItemProxy section */

/* Begin PBXFileReference section */
		07F247BB7451FEA61AB1746E /* Pods-ParseChatUITests.debug.xcconfig */ = {isa = PBXFileReference; includeInIndex = 1; lastKnownFileType = text.xcconfig; name = "Pods-ParseChatUITests.debug.xcconfig"; path = "Target Support Files/Pods-ParseChatUITests/Pods-ParseChatUITests.debug.xcconfig"; sourceTree = "<group>"; };
		1778C56C06F2E956492B7866 /* Pods-ParseChat.debug.xcconfig */ = {isa = PBXFileReference; includeInIndex = 1; lastKnownFileType = text.xcconfig; name = "Pods-ParseChat.debug.xcconfig"; path = "Target Support Files/Pods-ParseChat/Pods-ParseChat.debug.xcconfig"; sourceTree = "<group>"; };
		1AA063D6D29FBFB3B2F94BE1 /* Pods-ParseChatUITests.release.xcconfig */ = {isa = PBXFileReference; includeInIndex = 1; lastKnownFileType = text.xcconfig; name = "Pods-ParseChatUITests.release.xcconfig"; path = "Target Support Files/Pods-ParseChatUITests/Pods-ParseChatUITests.release.xcconfig"; sourceTree = "<group>"; };
		244CDFC922D659720057D032 /* ParseChat.app */ = {isa = PBXFileReference; explicitFileType = wrapper.application; includeInIndex = 0; path = ParseChat.app; sourceTree = BUILT_PRODUCTS_DIR; };
		244CDFCC22D659720057D032 /* AppDelegate.h */ = {isa = PBXFileReference; lastKnownFileType = sourcecode.c.h; path = AppDelegate.h; sourceTree = "<group>"; };
		244CDFCD22D659720057D032 /* AppDelegate.m */ = {isa = PBXFileReference; lastKnownFileType = sourcecode.c.objc; path = AppDelegate.m; sourceTree = "<group>"; };
		244CDFCF22D659720057D032 /* LoginViewController.h */ = {isa = PBXFileReference; lastKnownFileType = sourcecode.c.h; path = LoginViewController.h; sourceTree = "<group>"; };
		244CDFD022D659720057D032 /* LoginViewController.m */ = {isa = PBXFileReference; lastKnownFileType = sourcecode.c.objc; path = LoginViewController.m; sourceTree = "<group>"; };
		244CDFD322D659720057D032 /* Base */ = {isa = PBXFileReference; lastKnownFileType = file.storyboard; name = Base; path = Base.lproj/Main.storyboard; sourceTree = "<group>"; };
		244CDFD522D659730057D032 /* Assets.xcassets */ = {isa = PBXFileReference; lastKnownFileType = folder.assetcatalog; path = Assets.xcassets; sourceTree = "<group>"; };
		244CDFD822D659730057D032 /* Base */ = {isa = PBXFileReference; lastKnownFileType = file.storyboard; name = Base; path = Base.lproj/LaunchScreen.storyboard; sourceTree = "<group>"; };
		244CDFDA22D659730057D032 /* Info.plist */ = {isa = PBXFileReference; lastKnownFileType = text.plist.xml; path = Info.plist; sourceTree = "<group>"; };
		244CDFDB22D659730057D032 /* main.m */ = {isa = PBXFileReference; lastKnownFileType = sourcecode.c.objc; path = main.m; sourceTree = "<group>"; };
		244CDFE122D659730057D032 /* ParseChatTests.xctest */ = {isa = PBXFileReference; explicitFileType = wrapper.cfbundle; includeInIndex = 0; path = ParseChatTests.xctest; sourceTree = BUILT_PRODUCTS_DIR; };
		244CDFE522D659730057D032 /* ParseChatTests.m */ = {isa = PBXFileReference; lastKnownFileType = sourcecode.c.objc; path = ParseChatTests.m; sourceTree = "<group>"; };
		244CDFE722D659730057D032 /* Info.plist */ = {isa = PBXFileReference; lastKnownFileType = text.plist.xml; path = Info.plist; sourceTree = "<group>"; };
		244CDFEC22D659730057D032 /* ParseChatUITests.xctest */ = {isa = PBXFileReference; explicitFileType = wrapper.cfbundle; includeInIndex = 0; path = ParseChatUITests.xctest; sourceTree = BUILT_PRODUCTS_DIR; };
		244CDFF022D659730057D032 /* ParseChatUITests.m */ = {isa = PBXFileReference; lastKnownFileType = sourcecode.c.objc; path = ParseChatUITests.m; sourceTree = "<group>"; };
		244CDFF222D659730057D032 /* Info.plist */ = {isa = PBXFileReference; lastKnownFileType = text.plist.xml; path = Info.plist; sourceTree = "<group>"; };
		244CDFFE22D65FC30057D032 /* ChatViewController.h */ = {isa = PBXFileReference; lastKnownFileType = sourcecode.c.h; path = ChatViewController.h; sourceTree = "<group>"; };
		244CDFFF22D65FC30057D032 /* ChatViewController.m */ = {isa = PBXFileReference; lastKnownFileType = sourcecode.c.objc; path = ChatViewController.m; sourceTree = "<group>"; };
		244CE00122D662240057D032 /* ChatCell.h */ = {isa = PBXFileReference; lastKnownFileType = sourcecode.c.h; path = ChatCell.h; sourceTree = "<group>"; };
		244CE00222D662240057D032 /* ChatCell.m */ = {isa = PBXFileReference; lastKnownFileType = sourcecode.c.objc; path = ChatCell.m; sourceTree = "<group>"; };
		8410828BC266F03F3A854898 /* Pods-ParseChat.release.xcconfig */ = {isa = PBXFileReference; includeInIndex = 1; lastKnownFileType = text.xcconfig; name = "Pods-ParseChat.release.xcconfig"; path = "Target Support Files/Pods-ParseChat/Pods-ParseChat.release.xcconfig"; sourceTree = "<group>"; };
		8CFEF147BDF2F9C17B551500 /* Pods_ParseChatTests.framework */ = {isa = PBXFileReference; explicitFileType = wrapper.framework; includeInIndex = 0; path = Pods_ParseChatTests.framework; sourceTree = BUILT_PRODUCTS_DIR; };
		A0E51BB82D9E55B089ADBCDA /* Pods_ParseChatUITests.framework */ = {isa = PBXFileReference; explicitFileType = wrapper.framework; includeInIndex = 0; path = Pods_ParseChatUITests.framework; sourceTree = BUILT_PRODUCTS_DIR; };
		AC472958C4E0524C63E5CF00 /* Pods_ParseChat.framework */ = {isa = PBXFileReference; explicitFileType = wrapper.framework; includeInIndex = 0; path = Pods_ParseChat.framework; sourceTree = BUILT_PRODUCTS_DIR; };
		C91E216FF94E987505120C50 /* Pods-ParseChatTests.release.xcconfig */ = {isa = PBXFileReference; includeInIndex = 1; lastKnownFileType = text.xcconfig; name = "Pods-ParseChatTests.release.xcconfig"; path = "Target Support Files/Pods-ParseChatTests/Pods-ParseChatTests.release.xcconfig"; sourceTree = "<group>"; };
		CBDCC0156B288E476B887F14 /* Pods-ParseChatTests.debug.xcconfig */ = {isa = PBXFileReference; includeInIndex = 1; lastKnownFileType = text.xcconfig; name = "Pods-ParseChatTests.debug.xcconfig"; path = "Target Support Files/Pods-ParseChatTests/Pods-ParseChatTests.debug.xcconfig"; sourceTree = "<group>"; };
/* End PBXFileReference section */

/* Begin PBXFrameworksBuildPhase section */
		244CDFC622D659720057D032 /* Frameworks */ = {
			isa = PBXFrameworksBuildPhase;
			buildActionMask = 2147483647;
			files = (
				236D27D8EE48604DDBB3AC71 /* Pods_ParseChat.framework in Frameworks */,
			);
			runOnlyForDeploymentPostprocessing = 0;
		};
		244CDFDE22D659730057D032 /* Frameworks */ = {
			isa = PBXFrameworksBuildPhase;
			buildActionMask = 2147483647;
			files = (
				4139AF32B6432BE9CF6D550A /* Pods_ParseChatTests.framework in Frameworks */,
			);
			runOnlyForDeploymentPostprocessing = 0;
		};
		244CDFE922D659730057D032 /* Frameworks */ = {
			isa = PBXFrameworksBuildPhase;
			buildActionMask = 2147483647;
			files = (
				42A63EEF928F2B38F8EF57FB /* Pods_ParseChatUITests.framework in Frameworks */,
			);
			runOnlyForDeploymentPostprocessing = 0;
		};
/* End PBXFrameworksBuildPhase section */

/* Begin PBXGroup section */
		11938A04CB2FE9EC789B6377 /* Pods */ = {
			isa = PBXGroup;
			children = (
				1778C56C06F2E956492B7866 /* Pods-ParseChat.debug.xcconfig */,
				8410828BC266F03F3A854898 /* Pods-ParseChat.release.xcconfig */,
				CBDCC0156B288E476B887F14 /* Pods-ParseChatTests.debug.xcconfig */,
				C91E216FF94E987505120C50 /* Pods-ParseChatTests.release.xcconfig */,
				07F247BB7451FEA61AB1746E /* Pods-ParseChatUITests.debug.xcconfig */,
				1AA063D6D29FBFB3B2F94BE1 /* Pods-ParseChatUITests.release.xcconfig */,
			);
			path = Pods;
			sourceTree = "<group>";
		};
		244CDFC022D659720057D032 = {
			isa = PBXGroup;
			children = (
				244CDFCB22D659720057D032 /* ParseChat */,
				244CDFE422D659730057D032 /* ParseChatTests */,
				244CDFEF22D659730057D032 /* ParseChatUITests */,
				244CDFCA22D659720057D032 /* Products */,
				11938A04CB2FE9EC789B6377 /* Pods */,
				52BBA2A7EE64D1C7B0DC6DDF /* Frameworks */,
			);
			sourceTree = "<group>";
		};
		244CDFCA22D659720057D032 /* Products */ = {
			isa = PBXGroup;
			children = (
				244CDFC922D659720057D032 /* ParseChat.app */,
				244CDFE122D659730057D032 /* ParseChatTests.xctest */,
				244CDFEC22D659730057D032 /* ParseChatUITests.xctest */,
			);
			name = Products;
			sourceTree = "<group>";
		};
		244CDFCB22D659720057D032 /* ParseChat */ = {
			isa = PBXGroup;
			children = (
				244CDFCC22D659720057D032 /* AppDelegate.h */,
				244CDFCD22D659720057D032 /* AppDelegate.m */,
				244CDFCF22D659720057D032 /* LoginViewController.h */,
				244CDFD022D659720057D032 /* LoginViewController.m */,
				244CDFD222D659720057D032 /* Main.storyboard */,
				244CDFD522D659730057D032 /* Assets.xcassets */,
				244CDFD722D659730057D032 /* LaunchScreen.storyboard */,
				244CDFDA22D659730057D032 /* Info.plist */,
				244CDFDB22D659730057D032 /* main.m */,
				244CDFFE22D65FC30057D032 /* ChatViewController.h */,
				244CDFFF22D65FC30057D032 /* ChatViewController.m */,
				244CE00122D662240057D032 /* ChatCell.h */,
				244CE00222D662240057D032 /* ChatCell.m */,
			);
			path = ParseChat;
			sourceTree = "<group>";
		};
		244CDFE422D659730057D032 /* ParseChatTests */ = {
			isa = PBXGroup;
			children = (
				244CDFE522D659730057D032 /* ParseChatTests.m */,
				244CDFE722D659730057D032 /* Info.plist */,
			);
			path = ParseChatTests;
			sourceTree = "<group>";
		};
		244CDFEF22D659730057D032 /* ParseChatUITests */ = {
			isa = PBXGroup;
			children = (
				244CDFF022D659730057D032 /* ParseChatUITests.m */,
				244CDFF222D659730057D032 /* Info.plist */,
			);
			path = ParseChatUITests;
			sourceTree = "<group>";
		};
		52BBA2A7EE64D1C7B0DC6DDF /* Frameworks */ = {
			isa = PBXGroup;
			children = (
				AC472958C4E0524C63E5CF00 /* Pods_ParseChat.framework */,
				8CFEF147BDF2F9C17B551500 /* Pods_ParseChatTests.framework */,
				A0E51BB82D9E55B089ADBCDA /* Pods_ParseChatUITests.framework */,
			);
			name = Frameworks;
			sourceTree = "<group>";
		};
/* End PBXGroup section */

/* Begin PBXNativeTarget section */
		244CDFC822D659720057D032 /* ParseChat */ = {
			isa = PBXNativeTarget;
			buildConfigurationList = 244CDFF522D659730057D032 /* Build configuration list for PBXNativeTarget "ParseChat" */;
			buildPhases = (
				83555770CCF550E51E9C96CA /* [CP] Check Pods Manifest.lock */,
				244CDFC522D659720057D032 /* Sources */,
				244CDFC622D659720057D032 /* Frameworks */,
				244CDFC722D659720057D032 /* Resources */,
				E1928CDBB37EEAFC1319252D /* [CP] Embed Pods Frameworks */,
			);
			buildRules = (
			);
			dependencies = (
			);
			name = ParseChat;
			productName = ParseChat;
			productReference = 244CDFC922D659720057D032 /* ParseChat.app */;
			productType = "com.apple.product-type.application";
		};
		244CDFE022D659730057D032 /* ParseChatTests */ = {
			isa = PBXNativeTarget;
			buildConfigurationList = 244CDFF822D659730057D032 /* Build configuration list for PBXNativeTarget "ParseChatTests" */;
			buildPhases = (
				89ED7F3ADD8F7E7503254B97 /* [CP] Check Pods Manifest.lock */,
				244CDFDD22D659730057D032 /* Sources */,
				244CDFDE22D659730057D032 /* Frameworks */,
				244CDFDF22D659730057D032 /* Resources */,
			);
			buildRules = (
			);
			dependencies = (
				244CDFE322D659730057D032 /* PBXTargetDependency */,
			);
			name = ParseChatTests;
			productName = ParseChatTests;
			productReference = 244CDFE122D659730057D032 /* ParseChatTests.xctest */;
			productType = "com.apple.product-type.bundle.unit-test";
		};
		244CDFEB22D659730057D032 /* ParseChatUITests */ = {
			isa = PBXNativeTarget;
			buildConfigurationList = 244CDFFB22D659730057D032 /* Build configuration list for PBXNativeTarget "ParseChatUITests" */;
			buildPhases = (
				0866FAD67000E2845F0C54C1 /* [CP] Check Pods Manifest.lock */,
				244CDFE822D659730057D032 /* Sources */,
				244CDFE922D659730057D032 /* Frameworks */,
				244CDFEA22D659730057D032 /* Resources */,
			);
			buildRules = (
			);
			dependencies = (
				244CDFEE22D659730057D032 /* PBXTargetDependency */,
			);
			name = ParseChatUITests;
			productName = ParseChatUITests;
			productReference = 244CDFEC22D659730057D032 /* ParseChatUITests.xctest */;
			productType = "com.apple.product-type.bundle.ui-testing";
		};
/* End PBXNativeTarget section */

/* Begin PBXProject section */
		244CDFC122D659720057D032 /* Project object */ = {
			isa = PBXProject;
			attributes = {
				LastUpgradeCheck = 1020;
				ORGANIZATIONNAME = powercarlos25;
				TargetAttributes = {
					244CDFC822D659720057D032 = {
						CreatedOnToolsVersion = 10.2.1;
					};
					244CDFE022D659730057D032 = {
						CreatedOnToolsVersion = 10.2.1;
						TestTargetID = 244CDFC822D659720057D032;
					};
					244CDFEB22D659730057D032 = {
						CreatedOnToolsVersion = 10.2.1;
						TestTargetID = 244CDFC822D659720057D032;
					};
				};
			};
			buildConfigurationList = 244CDFC422D659720057D032 /* Build configuration list for PBXProject "ParseChat" */;
			compatibilityVersion = "Xcode 9.3";
			developmentRegion = en;
			hasScannedForEncodings = 0;
			knownRegions = (
				en,
				Base,
			);
			mainGroup = 244CDFC022D659720057D032;
			productRefGroup = 244CDFCA22D659720057D032 /* Products */;
			projectDirPath = "";
			projectRoot = "";
			targets = (
				244CDFC822D659720057D032 /* ParseChat */,
				244CDFE022D659730057D032 /* ParseChatTests */,
				244CDFEB22D659730057D032 /* ParseChatUITests */,
			);
		};
/* End PBXProject section */

/* Begin PBXResourcesBuildPhase section */
		244CDFC722D659720057D032 /* Resources */ = {
			isa = PBXResourcesBuildPhase;
			buildActionMask = 2147483647;
			files = (
				244CDFD922D659730057D032 /* LaunchScreen.storyboard in Resources */,
				244CDFD622D659730057D032 /* Assets.xcassets in Resources */,
				244CDFD422D659720057D032 /* Main.storyboard in Resources */,
			);
			runOnlyForDeploymentPostprocessing = 0;
		};
		244CDFDF22D659730057D032 /* Resources */ = {
			isa = PBXResourcesBuildPhase;
			buildActionMask = 2147483647;
			files = (
			);
			runOnlyForDeploymentPostprocessing = 0;
		};
		244CDFEA22D659730057D032 /* Resources */ = {
			isa = PBXResourcesBuildPhase;
			buildActionMask = 2147483647;
			files = (
			);
			runOnlyForDeploymentPostprocessing = 0;
		};
/* End PBXResourcesBuildPhase section */

/* Begin PBXShellScriptBuildPhase section */
		0866FAD67000E2845F0C54C1 /* [CP] Check Pods Manifest.lock */ = {
			isa = PBXShellScriptBuildPhase;
			buildActionMask = 2147483647;
			files = (
			);
			inputFileListPaths = (
			);
			inputPaths = (
				"${PODS_PODFILE_DIR_PATH}/Podfile.lock",
				"${PODS_ROOT}/Manifest.lock",
			);
			name = "[CP] Check Pods Manifest.lock";
			outputFileListPaths = (
			);
			outputPaths = (
				"$(DERIVED_FILE_DIR)/Pods-ParseChatUITests-checkManifestLockResult.txt",
			);
			runOnlyForDeploymentPostprocessing = 0;
			shellPath = /bin/sh;
			shellScript = "diff \"${PODS_PODFILE_DIR_PATH}/Podfile.lock\" \"${PODS_ROOT}/Manifest.lock\" > /dev/null\nif [ $? != 0 ] ; then\n    # print error to STDERR\n    echo \"error: The sandbox is not in sync with the Podfile.lock. Run 'pod install' or update your CocoaPods installation.\" >&2\n    exit 1\nfi\n# This output is used by Xcode 'outputs' to avoid re-running this script phase.\necho \"SUCCESS\" > \"${SCRIPT_OUTPUT_FILE_0}\"\n";
			showEnvVarsInLog = 0;
		};
		83555770CCF550E51E9C96CA /* [CP] Check Pods Manifest.lock */ = {
			isa = PBXShellScriptBuildPhase;
			buildActionMask = 2147483647;
			files = (
			);
			inputFileListPaths = (
			);
			inputPaths = (
				"${PODS_PODFILE_DIR_PATH}/Podfile.lock",
				"${PODS_ROOT}/Manifest.lock",
			);
			name = "[CP] Check Pods Manifest.lock";
			outputFileListPaths = (
			);
			outputPaths = (
				"$(DERIVED_FILE_DIR)/Pods-ParseChat-checkManifestLockResult.txt",
			);
			runOnlyForDeploymentPostprocessing = 0;
			shellPath = /bin/sh;
			shellScript = "diff \"${PODS_PODFILE_DIR_PATH}/Podfile.lock\" \"${PODS_ROOT}/Manifest.lock\" > /dev/null\nif [ $? != 0 ] ; then\n    # print error to STDERR\n    echo \"error: The sandbox is not in sync with the Podfile.lock. Run 'pod install' or update your CocoaPods installation.\" >&2\n    exit 1\nfi\n# This output is used by Xcode 'outputs' to avoid re-running this script phase.\necho \"SUCCESS\" > \"${SCRIPT_OUTPUT_FILE_0}\"\n";
			showEnvVarsInLog = 0;
		};
		89ED7F3ADD8F7E7503254B97 /* [CP] Check Pods Manifest.lock */ = {
			isa = PBXShellScriptBuildPhase;
			buildActionMask = 2147483647;
			files = (
			);
			inputFileListPaths = (
			);
			inputPaths = (
				"${PODS_PODFILE_DIR_PATH}/Podfile.lock",
				"${PODS_ROOT}/Manifest.lock",
			);
			name = "[CP] Check Pods Manifest.lock";
			outputFileListPaths = (
			);
			outputPaths = (
				"$(DERIVED_FILE_DIR)/Pods-ParseChatTests-checkManifestLockResult.txt",
			);
			runOnlyForDeploymentPostprocessing = 0;
			shellPath = /bin/sh;
			shellScript = "diff \"${PODS_PODFILE_DIR_PATH}/Podfile.lock\" \"${PODS_ROOT}/Manifest.lock\" > /dev/null\nif [ $? != 0 ] ; then\n    # print error to STDERR\n    echo \"error: The sandbox is not in sync with the Podfile.lock. Run 'pod install' or update your CocoaPods installation.\" >&2\n    exit 1\nfi\n# This output is used by Xcode 'outputs' to avoid re-running this script phase.\necho \"SUCCESS\" > \"${SCRIPT_OUTPUT_FILE_0}\"\n";
			showEnvVarsInLog = 0;
		};
		E1928CDBB37EEAFC1319252D /* [CP] Embed Pods Frameworks */ = {
			isa = PBXShellScriptBuildPhase;
			buildActionMask = 2147483647;
			files = (
			);
			inputFileListPaths = (
				"${PODS_ROOT}/Target Support Files/Pods-ParseChat/Pods-ParseChat-frameworks-${CONFIGURATION}-input-files.xcfilelist",
			);
			name = "[CP] Embed Pods Frameworks";
			outputFileListPaths = (
				"${PODS_ROOT}/Target Support Files/Pods-ParseChat/Pods-ParseChat-frameworks-${CONFIGURATION}-output-files.xcfilelist",
			);
			runOnlyForDeploymentPostprocessing = 0;
			shellPath = /bin/sh;
			shellScript = "\"${PODS_ROOT}/Target Support Files/Pods-ParseChat/Pods-ParseChat-frameworks.sh\"\n";
			showEnvVarsInLog = 0;
		};
/* End PBXShellScriptBuildPhase section */

/* Begin PBXSourcesBuildPhase section */
		244CDFC522D659720057D032 /* Sources */ = {
			isa = PBXSourcesBuildPhase;
			buildActionMask = 2147483647;
			files = (
				244CDFD122D659720057D032 /* LoginViewController.m in Sources */,
				244CDFDC22D659730057D032 /* main.m in Sources */,
				244CE00022D65FC30057D032 /* ChatViewController.m in Sources */,
				244CE00322D662240057D032 /* ChatCell.m in Sources */,
				244CDFCE22D659720057D032 /* AppDelegate.m in Sources */,
			);
			runOnlyForDeploymentPostprocessing = 0;
		};
		244CDFDD22D659730057D032 /* Sources */ = {
			isa = PBXSourcesBuildPhase;
			buildActionMask = 2147483647;
			files = (
				244CDFE622D659730057D032 /* ParseChatTests.m in Sources */,
			);
			runOnlyForDeploymentPostprocessing = 0;
		};
		244CDFE822D659730057D032 /* Sources */ = {
			isa = PBXSourcesBuildPhase;
			buildActionMask = 2147483647;
			files = (
				244CDFF122D659730057D032 /* ParseChatUITests.m in Sources */,
			);
			runOnlyForDeploymentPostprocessing = 0;
		};
/* End PBXSourcesBuildPhase section */

/* Begin PBXTargetDependency section */
		244CDFE322D659730057D032 /* PBXTargetDependency */ = {
			isa = PBXTargetDependency;
			target = 244CDFC822D659720057D032 /* ParseChat */;
			targetProxy = 244CDFE222D659730057D032 /* PBXContainerItemProxy */;
		};
		244CDFEE22D659730057D032 /* PBXTargetDependency */ = {
			isa = PBXTargetDependency;
			target = 244CDFC822D659720057D032 /* ParseChat */;
			targetProxy = 244CDFED22D659730057D032 /* PBXContainerItemProxy */;
		};
/* End PBXTargetDependency section */

/* Begin PBXVariantGroup section */
		244CDFD222D659720057D032 /* Main.storyboard */ = {
			isa = PBXVariantGroup;
			children = (
				244CDFD322D659720057D032 /* Base */,
			);
			name = Main.storyboard;
			sourceTree = "<group>";
		};
		244CDFD722D659730057D032 /* LaunchScreen.storyboard */ = {
			isa = PBXVariantGroup;
			children = (
				244CDFD822D659730057D032 /* Base */,
			);
			name = LaunchScreen.storyboard;
			sourceTree = "<group>";
		};
/* End PBXVariantGroup section */

/* Begin XCBuildConfiguration section */
		244CDFF322D659730057D032 /* Debug */ = {
			isa = XCBuildConfiguration;
			buildSettings = {
				ALWAYS_SEARCH_USER_PATHS = NO;
				CLANG_ANALYZER_NONNULL = YES;
				CLANG_ANALYZER_NUMBER_OBJECT_CONVERSION = YES_AGGRESSIVE;
				CLANG_CXX_LANGUAGE_STANDARD = "gnu++14";
				CLANG_CXX_LIBRARY = "libc++";
				CLANG_ENABLE_MODULES = YES;
				CLANG_ENABLE_OBJC_ARC = YES;
				CLANG_ENABLE_OBJC_WEAK = YES;
				CLANG_WARN_BLOCK_CAPTURE_AUTORELEASING = YES;
				CLANG_WARN_BOOL_CONVERSION = YES;
				CLANG_WARN_COMMA = YES;
				CLANG_WARN_CONSTANT_CONVERSION = YES;
				CLANG_WARN_DEPRECATED_OBJC_IMPLEMENTATIONS = YES;
				CLANG_WARN_DIRECT_OBJC_ISA_USAGE = YES_ERROR;
				CLANG_WARN_DOCUMENTATION_COMMENTS = YES;
				CLANG_WARN_EMPTY_BODY = YES;
				CLANG_WARN_ENUM_CONVERSION = YES;
				CLANG_WARN_INFINITE_RECURSION = YES;
				CLANG_WARN_INT_CONVERSION = YES;
				CLANG_WARN_NON_LITERAL_NULL_CONVERSION = YES;
				CLANG_WARN_OBJC_IMPLICIT_RETAIN_SELF = YES;
				CLANG_WARN_OBJC_LITERAL_CONVERSION = YES;
				CLANG_WARN_OBJC_ROOT_CLASS = YES_ERROR;
				CLANG_WARN_RANGE_LOOP_ANALYSIS = YES;
				CLANG_WARN_STRICT_PROTOTYPES = YES;
				CLANG_WARN_SUSPICIOUS_MOVE = YES;
				CLANG_WARN_UNGUARDED_AVAILABILITY = YES_AGGRESSIVE;
				CLANG_WARN_UNREACHABLE_CODE = YES;
				CLANG_WARN__DUPLICATE_METHOD_MATCH = YES;
				CODE_SIGN_IDENTITY = "iPhone Developer";
				COPY_PHASE_STRIP = NO;
				DEBUG_INFORMATION_FORMAT = dwarf;
				ENABLE_STRICT_OBJC_MSGSEND = YES;
				ENABLE_TESTABILITY = YES;
				GCC_C_LANGUAGE_STANDARD = gnu11;
				GCC_DYNAMIC_NO_PIC = NO;
				GCC_NO_COMMON_BLOCKS = YES;
				GCC_OPTIMIZATION_LEVEL = 0;
				GCC_PREPROCESSOR_DEFINITIONS = (
					"DEBUG=1",
					"$(inherited)",
				);
				GCC_WARN_64_TO_32_BIT_CONVERSION = YES;
				GCC_WARN_ABOUT_RETURN_TYPE = YES_ERROR;
				GCC_WARN_UNDECLARED_SELECTOR = YES;
				GCC_WARN_UNINITIALIZED_AUTOS = YES_AGGRESSIVE;
				GCC_WARN_UNUSED_FUNCTION = YES;
				GCC_WARN_UNUSED_VARIABLE = YES;
				IPHONEOS_DEPLOYMENT_TARGET = 12.2;
				MTL_ENABLE_DEBUG_INFO = INCLUDE_SOURCE;
				MTL_FAST_MATH = YES;
				ONLY_ACTIVE_ARCH = YES;
				SDKROOT = iphoneos;
			};
			name = Debug;
		};
		244CDFF422D659730057D032 /* Release */ = {
			isa = XCBuildConfiguration;
			buildSettings = {
				ALWAYS_SEARCH_USER_PATHS = NO;
				CLANG_ANALYZER_NONNULL = YES;
				CLANG_ANALYZER_NUMBER_OBJECT_CONVERSION = YES_AGGRESSIVE;
				CLANG_CXX_LANGUAGE_STANDARD = "gnu++14";
				CLANG_CXX_LIBRARY = "libc++";
				CLANG_ENABLE_MODULES = YES;
				CLANG_ENABLE_OBJC_ARC = YES;
				CLANG_ENABLE_OBJC_WEAK = YES;
				CLANG_WARN_BLOCK_CAPTURE_AUTORELEASING = YES;
				CLANG_WARN_BOOL_CONVERSION = YES;
				CLANG_WARN_COMMA = YES;
				CLANG_WARN_CONSTANT_CONVERSION = YES;
				CLANG_WARN_DEPRECATED_OBJC_IMPLEMENTATIONS = YES;
				CLANG_WARN_DIRECT_OBJC_ISA_USAGE = YES_ERROR;
				CLANG_WARN_DOCUMENTATION_COMMENTS = YES;
				CLANG_WARN_EMPTY_BODY = YES;
				CLANG_WARN_ENUM_CONVERSION = YES;
				CLANG_WARN_INFINITE_RECURSION = YES;
				CLANG_WARN_INT_CONVERSION = YES;
				CLANG_WARN_NON_LITERAL_NULL_CONVERSION = YES;
				CLANG_WARN_OBJC_IMPLICIT_RETAIN_SELF = YES;
				CLANG_WARN_OBJC_LITERAL_CONVERSION = YES;
				CLANG_WARN_OBJC_ROOT_CLASS = YES_ERROR;
				CLANG_WARN_RANGE_LOOP_ANALYSIS = YES;
				CLANG_WARN_STRICT_PROTOTYPES = YES;
				CLANG_WARN_SUSPICIOUS_MOVE = YES;
				CLANG_WARN_UNGUARDED_AVAILABILITY = YES_AGGRESSIVE;
				CLANG_WARN_UNREACHABLE_CODE = YES;
				CLANG_WARN__DUPLICATE_METHOD_MATCH = YES;
				CODE_SIGN_IDENTITY = "iPhone Developer";
				COPY_PHASE_STRIP = NO;
				DEBUG_INFORMATION_FORMAT = "dwarf-with-dsym";
				ENABLE_NS_ASSERTIONS = NO;
				ENABLE_STRICT_OBJC_MSGSEND = YES;
				GCC_C_LANGUAGE_STANDARD = gnu11;
				GCC_NO_COMMON_BLOCKS = YES;
				GCC_WARN_64_TO_32_BIT_CONVERSION = YES;
				GCC_WARN_ABOUT_RETURN_TYPE = YES_ERROR;
				GCC_WARN_UNDECLARED_SELECTOR = YES;
				GCC_WARN_UNINITIALIZED_AUTOS = YES_AGGRESSIVE;
				GCC_WARN_UNUSED_FUNCTION = YES;
				GCC_WARN_UNUSED_VARIABLE = YES;
				IPHONEOS_DEPLOYMENT_TARGET = 12.2;
				MTL_ENABLE_DEBUG_INFO = NO;
				MTL_FAST_MATH = YES;
				SDKROOT = iphoneos;
				VALIDATE_PRODUCT = YES;
			};
			name = Release;
		};
		244CDFF622D659730057D032 /* Debug */ = {
			isa = XCBuildConfiguration;
			baseConfigurationReference = 1778C56C06F2E956492B7866 /* Pods-ParseChat.debug.xcconfig */;
			buildSettings = {
				ASSETCATALOG_COMPILER_APPICON_NAME = AppIcon;
				CODE_SIGN_STYLE = Automatic;
				DEVELOPMENT_TEAM = 893L9MG4VR;
				INFOPLIST_FILE = ParseChat/Info.plist;
				LD_RUNPATH_SEARCH_PATHS = (
					"$(inherited)",
					"@executable_path/Frameworks",
				);
				PRODUCT_BUNDLE_IDENTIFIER = com.powercarlos25.ParseChat;
				PRODUCT_NAME = "$(TARGET_NAME)";
				TARGETED_DEVICE_FAMILY = "1,2";
			};
			name = Debug;
		};
		244CDFF722D659730057D032 /* Release */ = {
			isa = XCBuildConfiguration;
			baseConfigurationReference = 8410828BC266F03F3A854898 /* Pods-ParseChat.release.xcconfig */;
			buildSettings = {
				ASSETCATALOG_COMPILER_APPICON_NAME = AppIcon;
				CODE_SIGN_STYLE = Automatic;
				DEVELOPMENT_TEAM = 893L9MG4VR;
				INFOPLIST_FILE = ParseChat/Info.plist;
				LD_RUNPATH_SEARCH_PATHS = (
					"$(inherited)",
					"@executable_path/Frameworks",
				);
				PRODUCT_BUNDLE_IDENTIFIER = com.powercarlos25.ParseChat;
				PRODUCT_NAME = "$(TARGET_NAME)";
				TARGETED_DEVICE_FAMILY = "1,2";
			};
			name = Release;
		};
		244CDFF922D659730057D032 /* Debug */ = {
			isa = XCBuildConfiguration;
			baseConfigurationReference = CBDCC0156B288E476B887F14 /* Pods-ParseChatTests.debug.xcconfig */;
			buildSettings = {
				BUNDLE_LOADER = "$(TEST_HOST)";
				CODE_SIGN_STYLE = Automatic;
				DEVELOPMENT_TEAM = 893L9MG4VR;
				INFOPLIST_FILE = ParseChatTests/Info.plist;
				LD_RUNPATH_SEARCH_PATHS = (
					"$(inherited)",
					"@executable_path/Frameworks",
					"@loader_path/Frameworks",
				);
				PRODUCT_BUNDLE_IDENTIFIER = com.powercarlos25.ParseChatTests;
				PRODUCT_NAME = "$(TARGET_NAME)";
				TARGETED_DEVICE_FAMILY = "1,2";
				TEST_HOST = "$(BUILT_PRODUCTS_DIR)/ParseChat.app/ParseChat";
			};
			name = Debug;
		};
		244CDFFA22D659730057D032 /* Release */ = {
			isa = XCBuildConfiguration;
			baseConfigurationReference = C91E216FF94E987505120C50 /* Pods-ParseChatTests.release.xcconfig */;
			buildSettings = {
				BUNDLE_LOADER = "$(TEST_HOST)";
				CODE_SIGN_STYLE = Automatic;
				DEVELOPMENT_TEAM = 893L9MG4VR;
				INFOPLIST_FILE = ParseChatTests/Info.plist;
				LD_RUNPATH_SEARCH_PATHS = (
					"$(inherited)",
					"@executable_path/Frameworks",
					"@loader_path/Frameworks",
				);
				PRODUCT_BUNDLE_IDENTIFIER = com.powercarlos25.ParseChatTests;
				PRODUCT_NAME = "$(TARGET_NAME)";
				TARGETED_DEVICE_FAMILY = "1,2";
				TEST_HOST = "$(BUILT_PRODUCTS_DIR)/ParseChat.app/ParseChat";
			};
			name = Release;
		};
		244CDFFC22D659730057D032 /* Debug */ = {
			isa = XCBuildConfiguration;
			baseConfigurationReference = 07F247BB7451FEA61AB1746E /* Pods-ParseChatUITests.debug.xcconfig */;
			buildSettings = {
				CODE_SIGN_STYLE = Automatic;
				DEVELOPMENT_TEAM = 893L9MG4VR;
				INFOPLIST_FILE = ParseChatUITests/Info.plist;
				LD_RUNPATH_SEARCH_PATHS = (
					"$(inherited)",
					"@executable_path/Frameworks",
					"@loader_path/Frameworks",
				);
				PRODUCT_BUNDLE_IDENTIFIER = com.powercarlos25.ParseChatUITests;
				PRODUCT_NAME = "$(TARGET_NAME)";
				TARGETED_DEVICE_FAMILY = "1,2";
				TEST_TARGET_NAME = ParseChat;
			};
			name = Debug;
		};
		244CDFFD22D659730057D032 /* Release */ = {
			isa = XCBuildConfiguration;
			baseConfigurationReference = 1AA063D6D29FBFB3B2F94BE1 /* Pods-ParseChatUITests.release.xcconfig */;
			buildSettings = {
				CODE_SIGN_STYLE = Automatic;
				DEVELOPMENT_TEAM = 893L9MG4VR;
				INFOPLIST_FILE = ParseChatUITests/Info.plist;
				LD_RUNPATH_SEARCH_PATHS = (
					"$(inherited)",
					"@executable_path/Frameworks",
					"@loader_path/Frameworks",
				);
				PRODUCT_BUNDLE_IDENTIFIER = com.powercarlos25.ParseChatUITests;
				PRODUCT_NAME = "$(TARGET_NAME)";
				TARGETED_DEVICE_FAMILY = "1,2";
				TEST_TARGET_NAME = ParseChat;
			};
			name = Release;
		};
/* End XCBuildConfiguration section */

/* Begin XCConfigurationList section */
		244CDFC422D659720057D032 /* Build configuration list for PBXProject "ParseChat" */ = {
			isa = XCConfigurationList;
			buildConfigurations = (
				244CDFF322D659730057D032 /* Debug */,
				244CDFF422D659730057D032 /* Release */,
			);
			defaultConfigurationIsVisible = 0;
			defaultConfigurationName = Release;
		};
		244CDFF522D659730057D032 /* Build configuration list for PBXNativeTarget "ParseChat" */ = {
			isa = XCConfigurationList;
			buildConfigurations = (
				244CDFF622D659730057D032 /* Debug */,
				244CDFF722D659730057D032 /* Release */,
			);
			defaultConfigurationIsVisible = 0;
			defaultConfigurationName = Release;
		};
		244CDFF822D659730057D032 /* Build configuration list for PBXNativeTarget "ParseChatTests" */ = {
			isa = XCConfigurationList;
			buildConfigurations = (
				244CDFF922D659730057D032 /* Debug */,
				244CDFFA22D659730057D032 /* Release */,
			);
			defaultConfigurationIsVisible = 0;
			defaultConfigurationName = Release;
		};
		244CDFFB22D659730057D032 /* Build configuration list for PBXNativeTarget "ParseChatUITests" */ = {
			isa = XCConfigurationList;
			buildConfigurations = (
				244CDFFC22D659730057D032 /* Debug */,
				244CDFFD22D659730057D032 /* Release */,
			);
			defaultConfigurationIsVisible = 0;
			defaultConfigurationName = Release;
		};
/* End XCConfigurationList section */
	};
	rootObject = 244CDFC122D659720057D032 /* Project object */;
}
